{
    "_readme": [
        "This file locks the dependencies of your project to a known state",
        "This file is @generated automatically"
    ],
    "content-hash": "a1b2c3d4e5f6g7h8i9j0",
    "packages": [
        {
            "name": "intervention/image",
            "version": "3.0.0",
            "source": {
                "type": "git",
                "url": "https://github.com/Intervention/image.git",
                "reference": "a1b2c3d4e5f6g7h8i9j0"
            },
            "require": {
                "php": ">=8.0",
                "ext-fileinfo": "*",
                "ext-gd": "*"
            }
        },
        {
            "name": "slim/slim",
            "version": "4.0.0",
            "source": {
                "type": "git",
                "url": "https://github.com/slimphp/Slim.git",
                "reference": "x1y2z3a4b5c6d7e8f9g0"
            }
        }
    ],
    "packages-dev": [],
    "aliases": [],
    "minimum-stability": "stable",
    "stability-flags": [],
    "prefer-stable": true,
    "prefer-lowest": false,
    "platform": {
        "php": "^8.0",
        "ext-gd": "*",
        "ext-exif": "*"
    },
    "platform-dev": []
}
